
Microsoft Visual Studio Solution File, Format Version 12.00
# Visual Studio Version 17
VisualStudioVersion = 17.8.34511.84
MinimumVisualStudioVersion = 10.0.40219.1
Project("{9A19103F-16F7-4668-BE54-9A1E7A4F7556}") = "DesafioPOO", "DesafioPOO.csproj", "{2B73C503-A3A7-476C-ABFF-A585781E0FAA}"
EndProject
Global
	GlobalSection(SolutionConfigurationPlatforms) = preSolution
		Debug|Any CPU = Debug|Any CPU
		Release|Any CPU = Release|Any CPU
	EndGlobalSection
	GlobalSection(ProjectConfigurationPlatforms) = postSolution
		{2B73C503-A3A7-476C-ABFF-A585781E0FAA}.Debug|Any CPU.ActiveCfg = Debug|Any CPU
		{2B73C503-A3A7-476C-ABFF-A585781E0FAA}.Debug|Any CPU.Build.0 = Debug|Any CPU
		{2B73C503-A3A7-476C-ABFF-A585781E0FAA}.Release|Any CPU.ActiveCfg = Release|Any CPU
		{2B73C503-A3A7-476C-ABFF-A585781E0FAA}.Release|Any CPU.Build.0 = Release|Any CPU
	EndGlobalSection
	GlobalSection(SolutionProperties) = preSolution
		HideSolutionNode = FALSE
	EndGlobalSection
	GlobalSection(ExtensibilityGlobals) = postSolution
		SolutionGuid = {F255A8DA-1D05-4447-8603-5C1784EC31F2}
	EndGlobalSection
EndGlobal
